
Microsoft Visual Studio Solution File, Format Version 12.00
# Visual Studio Version 17
VisualStudioVersion = 17.3.32922.545
MinimumVisualStudioVersion = 10.0.40219.1
Project("{9A19103F-16F7-4668-BE54-9A1E7A4F7556}") = "WardrobeOrganizer", "WardrobeOrganizer\WardrobeOrganizer.csproj", "{DF271DA2-934F-4E18-9553-D26CF0A8D739}"
EndProject
Project("{9A19103F-16F7-4668-BE54-9A1E7A4F7556}") = "WardrobeOrganizer.Infrastructure", "WardrobeOrganizer.Infrastructure\WardrobeOrganizer.Infrastructure.csproj", "{C4D18BBC-5181-4FE9-B9C3-21CDB967C480}"
EndProject
Project("{9A19103F-16F7-4668-BE54-9A1E7A4F7556}") = "WardrobeOrganizer.Core", "WardrobeOrganizer.Core\WardrobeOrganizer.Core.csproj", "{9DCDEC53-2A71-4619-B9F4-390FF2C80AF5}"
EndProject
Project("{FAE04EC0-301F-11D3-BF4B-00C04F79EFBC}") = "WardrobeOrganizer.UnitTests", "WardrobeOrganizer.UnitTests\WardrobeOrganizer.UnitTests.csproj", "{D94650A7-B61F-4311-BED5-58D3B66D36FB}"
EndProject
Project("{FAE04EC0-301F-11D3-BF4B-00C04F79EFBC}") = "WardrobeOrganizer.WebApi", "WardrobeOrganizer.WebApi\WardrobeOrganizer.WebApi.csproj", "{88A4C8B6-D821-4588-9A81-546860FC2035}"
EndProject
Global
	GlobalSection(SolutionConfigurationPlatforms) = preSolution
		Debug|Any CPU = Debug|Any CPU
		Release|Any CPU = Release|Any CPU
	EndGlobalSection
	GlobalSection(ProjectConfigurationPlatforms) = postSolution
		{DF271DA2-934F-4E18-9553-D26CF0A8D739}.Debug|Any CPU.ActiveCfg = Debug|Any CPU
		{DF271DA2-934F-4E18-9553-D26CF0A8D739}.Debug|Any CPU.Build.0 = Debug|Any CPU
		{DF271DA2-934F-4E18-9553-D26CF0A8D739}.Release|Any CPU.ActiveCfg = Release|Any CPU
		{DF271DA2-934F-4E18-9553-D26CF0A8D739}.Release|Any CPU.Build.0 = Release|Any CPU
		{C4D18BBC-5181-4FE9-B9C3-21CDB967C480}.Debug|Any CPU.ActiveCfg = Debug|Any CPU
		{C4D18BBC-5181-4FE9-B9C3-21CDB967C480}.Debug|Any CPU.Build.0 = Debug|Any CPU
		{C4D18BBC-5181-4FE9-B9C3-21CDB967C480}.Release|Any CPU.ActiveCfg = Release|Any CPU
		{C4D18BBC-5181-4FE9-B9C3-21CDB967C480}.Release|Any CPU.Build.0 = Release|Any CPU
		{9DCDEC53-2A71-4619-B9F4-390FF2C80AF5}.Debug|Any CPU.ActiveCfg = Debug|Any CPU
		{9DCDEC53-2A71-4619-B9F4-390FF2C80AF5}.Debug|Any CPU.Build.0 = Debug|Any CPU
		{9DCDEC53-2A71-4619-B9F4-390FF2C80AF5}.Release|Any CPU.ActiveCfg = Release|Any CPU
		{9DCDEC53-2A71-4619-B9F4-390FF2C80AF5}.Release|Any CPU.Build.0 = Release|Any CPU
		{D94650A7-B61F-4311-BED5-58D3B66D36FB}.Debug|Any CPU.ActiveCfg = Debug|Any CPU
		{D94650A7-B61F-4311-BED5-58D3B66D36FB}.Debug|Any CPU.Build.0 = Debug|Any CPU
		{D94650A7-B61F-4311-BED5-58D3B66D36FB}.Release|Any CPU.ActiveCfg = Release|Any CPU
		{D94650A7-B61F-4311-BED5-58D3B66D36FB}.Release|Any CPU.Build.0 = Release|Any CPU
		{88A4C8B6-D821-4588-9A81-546860FC2035}.Debug|Any CPU.ActiveCfg = Debug|Any CPU
		{88A4C8B6-D821-4588-9A81-546860FC2035}.Debug|Any CPU.Build.0 = Debug|Any CPU
		{88A4C8B6-D821-4588-9A81-546860FC2035}.Release|Any CPU.ActiveCfg = Release|Any CPU
		{88A4C8B6-D821-4588-9A81-546860FC2035}.Release|Any CPU.Build.0 = Release|Any CPU
	EndGlobalSection
	GlobalSection(SolutionProperties) = preSolution
		HideSolutionNode = FALSE
	EndGlobalSection
	GlobalSection(ExtensibilityGlobals) = postSolution
		SolutionGuid = {0F827BDF-4369-46EC-A6C5-14543F261C69}
	EndGlobalSection
EndGlobal
